
Microsoft Visual Studio Solution File, Format Version 12.00
# Visual Studio 15
VisualStudioVersion = 15.0.26124.0
MinimumVisualStudioVersion = 15.0.26124.0
Project("{FAE04EC0-301F-11D3-BF4B-00C04F79EFBC}") = "IIG.BinaryFlag", "IIG.BinaryFlag\IIG.BinaryFlag.csproj", "{31F66863-26A4-4626-9566-BFFFEA52C1A7}"
EndProject
Project("{FAE04EC0-301F-11D3-BF4B-00C04F79EFBC}") = "jj.Tests", "jj.Tests\jj.Tests.csproj", "{43DF975C-112F-4C69-B6AB-81C73CF4D49E}"
EndProject
Global
	GlobalSection(SolutionConfigurationPlatforms) = preSolution
		Debug|Any CPU = Debug|Any CPU
		Debug|x64 = Debug|x64
		Debug|x86 = Debug|x86
		Release|Any CPU = Release|Any CPU
		Release|x64 = Release|x64
		Release|x86 = Release|x86
	EndGlobalSection
	GlobalSection(SolutionProperties) = preSolution
		HideSolutionNode = FALSE
	EndGlobalSection
	GlobalSection(ProjectConfigurationPlatforms) = postSolution
		{31F66863-26A4-4626-9566-BFFFEA52C1A7}.Debug|Any CPU.ActiveCfg = Debug|Any CPU
		{31F66863-26A4-4626-9566-BFFFEA52C1A7}.Debug|Any CPU.Build.0 = Debug|Any CPU
		{31F66863-26A4-4626-9566-BFFFEA52C1A7}.Debug|x64.ActiveCfg = Debug|Any CPU
		{31F66863-26A4-4626-9566-BFFFEA52C1A7}.Debug|x64.Build.0 = Debug|Any CPU
		{31F66863-26A4-4626-9566-BFFFEA52C1A7}.Debug|x86.ActiveCfg = Debug|Any CPU
		{31F66863-26A4-4626-9566-BFFFEA52C1A7}.Debug|x86.Build.0 = Debug|Any CPU
		{31F66863-26A4-4626-9566-BFFFEA52C1A7}.Release|Any CPU.ActiveCfg = Debug|Any CPU
		{31F66863-26A4-4626-9566-BFFFEA52C1A7}.Release|Any CPU.Build.0 = Debug|Any CPU
		{31F66863-26A4-4626-9566-BFFFEA52C1A7}.Release|x64.ActiveCfg = Debug|Any CPU
		{31F66863-26A4-4626-9566-BFFFEA52C1A7}.Release|x64.Build.0 = Debug|Any CPU
		{31F66863-26A4-4626-9566-BFFFEA52C1A7}.Release|x86.ActiveCfg = Debug|Any CPU
		{31F66863-26A4-4626-9566-BFFFEA52C1A7}.Release|x86.Build.0 = Debug|Any CPU
		{43DF975C-112F-4C69-B6AB-81C73CF4D49E}.Debug|Any CPU.ActiveCfg = Debug|Any CPU
		{43DF975C-112F-4C69-B6AB-81C73CF4D49E}.Debug|Any CPU.Build.0 = Debug|Any CPU
		{43DF975C-112F-4C69-B6AB-81C73CF4D49E}.Debug|x64.ActiveCfg = Debug|Any CPU
		{43DF975C-112F-4C69-B6AB-81C73CF4D49E}.Debug|x64.Build.0 = Debug|Any CPU
		{43DF975C-112F-4C69-B6AB-81C73CF4D49E}.Debug|x86.ActiveCfg = Debug|Any CPU
		{43DF975C-112F-4C69-B6AB-81C73CF4D49E}.Debug|x86.Build.0 = Debug|Any CPU
		{43DF975C-112F-4C69-B6AB-81C73CF4D49E}.Release|Any CPU.ActiveCfg = Release|Any CPU
		{43DF975C-112F-4C69-B6AB-81C73CF4D49E}.Release|Any CPU.Build.0 = Release|Any CPU
		{43DF975C-112F-4C69-B6AB-81C73CF4D49E}.Release|x64.ActiveCfg = Release|Any CPU
		{43DF975C-112F-4C69-B6AB-81C73CF4D49E}.Release|x64.Build.0 = Release|Any CPU
		{43DF975C-112F-4C69-B6AB-81C73CF4D49E}.Release|x86.ActiveCfg = Release|Any CPU
		{43DF975C-112F-4C69-B6AB-81C73CF4D49E}.Release|x86.Build.0 = Release|Any CPU
	EndGlobalSection
EndGlobal
